// !$*UTF8*$!
{
	archiveVersion = 1;
	classes = {
	};
	objectVersion = 55;
	objects = {

/* Begin PBXBuildFile section */
		63727C4F26FC975000582C5B /* AppDelegate.swift in Sources */ = {isa = PBXBuildFile; fileRef = 63727C4E26FC975000582C5B /* AppDelegate.swift */; };
		63727C5126FC975000582C5B /* SceneDelegate.swift in Sources */ = {isa = PBXBuildFile; fileRef = 63727C5026FC975000582C5B /* SceneDelegate.swift */; };
		63727C5326FC975000582C5B /* ViewController.swift in Sources */ = {isa = PBXBuildFile; fileRef = 63727C5226FC975000582C5B /* ViewController.swift */; };
		63727C5626FC975000582C5B /* Main.storyboard in Resources */ = {isa = PBXBuildFile; fileRef = 63727C5426FC975000582C5B /* Main.storyboard */; };
		63727C5826FC975100582C5B /* Assets.xcassets in Resources */ = {isa = PBXBuildFile; fileRef = 63727C5726FC975100582C5B /* Assets.xcassets */; };
		63727C5B26FC975100582C5B /* LaunchScreen.storyboard in Resources */ = {isa = PBXBuildFile; fileRef = 63727C5926FC975100582C5B /* LaunchScreen.storyboard */; };
		63727C6626FC975100582C5B /* InstagridTests.swift in Sources */ = {isa = PBXBuildFile; fileRef = 63727C6526FC975100582C5B /* InstagridTests.swift */; };
		63727C7026FC975100582C5B /* InstagridUITests.swift in Sources */ = {isa = PBXBuildFile; fileRef = 63727C6F26FC975100582C5B /* InstagridUITests.swift */; };
		63727C7226FC975100582C5B /* InstagridUITestsLaunchTests.swift in Sources */ = {isa = PBXBuildFile; fileRef = 63727C7126FC975100582C5B /* InstagridUITestsLaunchTests.swift */; };
		63727C8526FCB58700582C5B /* Image.swift in Sources */ = {isa = PBXBuildFile; fileRef = 63727C8426FCB58700582C5B /* Image.swift */; };
/* End PBXBuildFile section */

/* Begin PBXContainerItemProxy section */
		63727C6226FC975100582C5B /* PBXContainerItemProxy */ = {
			isa = PBXContainerItemProxy;
			containerPortal = 63727C4326FC975000582C5B /* Project object */;
			proxyType = 1;
			remoteGlobalIDString = 63727C4A26FC975000582C5B;
			remoteInfo = Instagrid;
		};
		63727C6C26FC975100582C5B /* PBXContainerItemProxy */ = {
			isa = PBXContainerItemProxy;
			containerPortal = 63727C4326FC975000582C5B /* Project object */;
			proxyType = 1;
			remoteGlobalIDString = 63727C4A26FC975000582C5B;
			remoteInfo = Instagrid;
		};
/* End PBXContainerItemProxy section */

/* Begin PBXFileReference section */
		63727C4B26FC975000582C5B /* Instagrid.app */ = {isa = PBXFileReference; explicitFileType = wrapper.application; includeInIndex = 0; path = Instagrid.app; sourceTree = BUILT_PRODUCTS_DIR; };
		63727C4E26FC975000582C5B /* AppDelegate.swift */ = {isa = PBXFileReference; lastKnownFileType = sourcecode.swift; path = AppDelegate.swift; sourceTree = "<group>"; };
		63727C5026FC975000582C5B /* SceneDelegate.swift */ = {isa = PBXFileReference; lastKnownFileType = sourcecode.swift; path = SceneDelegate.swift; sourceTree = "<group>"; };
		63727C5226FC975000582C5B /* ViewController.swift */ = {isa = PBXFileReference; lastKnownFileType = sourcecode.swift; path = ViewController.swift; sourceTree = "<group>"; };
		63727C5526FC975000582C5B /* Base */ = {isa = PBXFileReference; lastKnownFileType = file.storyboard; name = Base; path = Base.lproj/Main.storyboard; sourceTree = "<group>"; };
		63727C5726FC975100582C5B /* Assets.xcassets */ = {isa = PBXFileReference; lastKnownFileType = folder.assetcatalog; path = Assets.xcassets; sourceTree = "<group>"; };
		63727C5A26FC975100582C5B /* Base */ = {isa = PBXFileReference; lastKnownFileType = file.storyboard; name = Base; path = Base.lproj/LaunchScreen.storyboard; sourceTree = "<group>"; };
		63727C5C26FC975100582C5B /* Info.plist */ = {isa = PBXFileReference; lastKnownFileType = text.plist.xml; path = Info.plist; sourceTree = "<group>"; };
		63727C6126FC975100582C5B /* InstagridTests.xctest */ = {isa = PBXFileReference; explicitFileType = wrapper.cfbundle; includeInIndex = 0; path = InstagridTests.xctest; sourceTree = BUILT_PRODUCTS_DIR; };
		63727C6526FC975100582C5B /* InstagridTests.swift */ = {isa = PBXFileReference; lastKnownFileType = sourcecode.swift; path = InstagridTests.swift; sourceTree = "<group>"; };
		63727C6B26FC975100582C5B /* InstagridUITests.xctest */ = {isa = PBXFileReference; explicitFileType = wrapper.cfbundle; includeInIndex = 0; path = InstagridUITests.xctest; sourceTree = BUILT_PRODUCTS_DIR; };
		63727C6F26FC975100582C5B /* InstagridUITests.swift */ = {isa = PBXFileReference; lastKnownFileType = sourcecode.swift; path = InstagridUITests.swift; sourceTree = "<group>"; };
		63727C7126FC975100582C5B /* InstagridUITestsLaunchTests.swift */ = {isa = PBXFileReference; lastKnownFileType = sourcecode.swift; path = InstagridUITestsLaunchTests.swift; sourceTree = "<group>"; };
		63727C8426FCB58700582C5B /* Image.swift */ = {isa = PBXFileReference; lastKnownFileType = sourcecode.swift; path = Image.swift; sourceTree = "<group>"; };
/* End PBXFileReference section */

/* Begin PBXFrameworksBuildPhase section */
		63727C4826FC975000582C5B /* Frameworks */ = {
			isa = PBXFrameworksBuildPhase;
			buildActionMask = 2147483647;
			files = (
			);
			runOnlyForDeploymentPostprocessing = 0;
		};
		63727C5E26FC975100582C5B /* Frameworks */ = {
			isa = PBXFrameworksBuildPhase;
			buildActionMask = 2147483647;
			files = (
			);
			runOnlyForDeploymentPostprocessing = 0;
		};
		63727C6826FC975100582C5B /* Frameworks */ = {
			isa = PBXFrameworksBuildPhase;
			buildActionMask = 2147483647;
			files = (
			);
			runOnlyForDeploymentPostprocessing = 0;
		};
/* End PBXFrameworksBuildPhase section */

/* Begin PBXGroup section */
		63727C4226FC975000582C5B = {
			isa = PBXGroup;
			children = (
				63727C4D26FC975000582C5B /* Instagrid */,
				63727C6426FC975100582C5B /* InstagridTests */,
				63727C6E26FC975100582C5B /* InstagridUITests */,
				63727C4C26FC975000582C5B /* Products */,
			);
			sourceTree = "<group>";
		};
		63727C4C26FC975000582C5B /* Products */ = {
			isa = PBXGroup;
			children = (
				63727C4B26FC975000582C5B /* Instagrid.app */,
				63727C6126FC975100582C5B /* InstagridTests.xctest */,
				63727C6B26FC975100582C5B /* InstagridUITests.xctest */,
			);
			name = Products;
			sourceTree = "<group>";
		};
		63727C4D26FC975000582C5B /* Instagrid */ = {
			isa = PBXGroup;
			children = (
				63727C8126FC978500582C5B /* Controller */,
				63727C8026FC977E00582C5B /* View */,
				63727C7E26FC976B00582C5B /* Model */,
				63727C4E26FC975000582C5B /* AppDelegate.swift */,
				63727C5026FC975000582C5B /* SceneDelegate.swift */,
				63727C5726FC975100582C5B /* Assets.xcassets */,
				63727C5C26FC975100582C5B /* Info.plist */,
			);
			path = Instagrid;
			sourceTree = "<group>";
		};
		63727C6426FC975100582C5B /* InstagridTests */ = {
			isa = PBXGroup;
			children = (
				63727C6526FC975100582C5B /* InstagridTests.swift */,
			);
			path = InstagridTests;
			sourceTree = "<group>";
		};
		63727C6E26FC975100582C5B /* InstagridUITests */ = {
			isa = PBXGroup;
			children = (
				63727C6F26FC975100582C5B /* InstagridUITests.swift */,
				63727C7126FC975100582C5B /* InstagridUITestsLaunchTests.swift */,
			);
			path = InstagridUITests;
			sourceTree = "<group>";
		};
		63727C7E26FC976B00582C5B /* Model */ = {
			isa = PBXGroup;
			children = (
				63727C8426FCB58700582C5B /* Image.swift */,
			);
			path = Model;
			sourceTree = "<group>";
		};
		63727C8026FC977E00582C5B /* View */ = {
			isa = PBXGroup;
			children = (
				63727C5926FC975100582C5B /* LaunchScreen.storyboard */,
				63727C5426FC975000582C5B /* Main.storyboard */,
			);
			path = View;
			sourceTree = "<group>";
		};
		63727C8126FC978500582C5B /* Controller */ = {
			isa = PBXGroup;
			children = (
				63727C5226FC975000582C5B /* ViewController.swift */,
			);
			path = Controller;
			sourceTree = "<group>";
		};
/* End PBXGroup section */

/* Begin PBXNativeTarget section */
		63727C4A26FC975000582C5B /* Instagrid */ = {
			isa = PBXNativeTarget;
			buildConfigurationList = 63727C7526FC975100582C5B /* Build configuration list for PBXNativeTarget "Instagrid" */;
			buildPhases = (
				63727C4726FC975000582C5B /* Sources */,
				63727C4826FC975000582C5B /* Frameworks */,
				63727C4926FC975000582C5B /* Resources */,
			);
			buildRules = (
			);
			dependencies = (
			);
			name = Instagrid;
			productName = Instagrid;
			productReference = 63727C4B26FC975000582C5B /* Instagrid.app */;
			productType = "com.apple.product-type.application";
		};
		63727C6026FC975100582C5B /* InstagridTests */ = {
			isa = PBXNativeTarget;
			buildConfigurationList = 63727C7826FC975100582C5B /* Build configuration list for PBXNativeTarget "InstagridTests" */;
			buildPhases = (
				63727C5D26FC975100582C5B /* Sources */,
				63727C5E26FC975100582C5B /* Frameworks */,
				63727C5F26FC975100582C5B /* Resources */,
			);
			buildRules = (
			);
			dependencies = (
				63727C6326FC975100582C5B /* PBXTargetDependency */,
			);
			name = InstagridTests;
			productName = InstagridTests;
			productReference = 63727C6126FC975100582C5B /* InstagridTests.xctest */;
			productType = "com.apple.product-type.bundle.unit-test";
		};
		63727C6A26FC975100582C5B /* InstagridUITests */ = {
			isa = PBXNativeTarget;
			buildConfigurationList = 63727C7B26FC975100582C5B /* Build configuration list for PBXNativeTarget "InstagridUITests" */;
			buildPhases = (
				63727C6726FC975100582C5B /* Sources */,
				63727C6826FC975100582C5B /* Frameworks */,
				63727C6926FC975100582C5B /* Resources */,
			);
			buildRules = (
			);
			dependencies = (
				63727C6D26FC975100582C5B /* PBXTargetDependency */,
			);
			name = InstagridUITests;
			productName = InstagridUITests;
			productReference = 63727C6B26FC975100582C5B /* InstagridUITests.xctest */;
			productType = "com.apple.product-type.bundle.ui-testing";
		};
/* End PBXNativeTarget section */

/* Begin PBXProject section */
		63727C4326FC975000582C5B /* Project object */ = {
			isa = PBXProject;
			attributes = {
				BuildIndependentTargetsInParallel = 1;
				LastSwiftUpdateCheck = 1300;
				LastUpgradeCheck = 1300;
				TargetAttributes = {
					63727C4A26FC975000582C5B = {
						CreatedOnToolsVersion = 13.0;
					};
					63727C6026FC975100582C5B = {
						CreatedOnToolsVersion = 13.0;
						TestTargetID = 63727C4A26FC975000582C5B;
					};
					63727C6A26FC975100582C5B = {
						CreatedOnToolsVersion = 13.0;
						TestTargetID = 63727C4A26FC975000582C5B;
					};
				};
			};
			buildConfigurationList = 63727C4626FC975000582C5B /* Build configuration list for PBXProject "Instagrid" */;
			compatibilityVersion = "Xcode 13.0";
			developmentRegion = en;
			hasScannedForEncodings = 0;
			knownRegions = (
				en,
				Base,
			);
			mainGroup = 63727C4226FC975000582C5B;
			productRefGroup = 63727C4C26FC975000582C5B /* Products */;
			projectDirPath = "";
			projectRoot = "";
			targets = (
				63727C4A26FC975000582C5B /* Instagrid */,
				63727C6026FC975100582C5B /* InstagridTests */,
				63727C6A26FC975100582C5B /* InstagridUITests */,
			);
		};
/* End PBXProject section */

/* Begin PBXResourcesBuildPhase section */
		63727C4926FC975000582C5B /* Resources */ = {
			isa = PBXResourcesBuildPhase;
			buildActionMask = 2147483647;
			files = (
				63727C5B26FC975100582C5B /* LaunchScreen.storyboard in Resources */,
				63727C5826FC975100582C5B /* Assets.xcassets in Resources */,
				63727C5626FC975000582C5B /* Main.storyboard in Resources */,
			);
			runOnlyForDeploymentPostprocessing = 0;
		};
		63727C5F26FC975100582C5B /* Resources */ = {
			isa = PBXResourcesBuildPhase;
			buildActionMask = 2147483647;
			files = (
			);
			runOnlyForDeploymentPostprocessing = 0;
		};
		63727C6926FC975100582C5B /* Resources */ = {
			isa = PBXResourcesBuildPhase;
			buildActionMask = 2147483647;
			files = (
			);
			runOnlyForDeploymentPostprocessing = 0;
		};
/* End PBXResourcesBuildPhase section */

/* Begin PBXSourcesBuildPhase section */
		63727C4726FC975000582C5B /* Sources */ = {
			isa = PBXSourcesBuildPhase;
			buildActionMask = 2147483647;
			files = (
				63727C5326FC975000582C5B /* ViewController.swift in Sources */,
				63727C8526FCB58700582C5B /* Image.swift in Sources */,
				63727C4F26FC975000582C5B /* AppDelegate.swift in Sources */,
				63727C5126FC975000582C5B /* SceneDelegate.swift in Sources */,
			);
			runOnlyForDeploymentPostprocessing = 0;
		};
		63727C5D26FC975100582C5B /* Sources */ = {
			isa = PBXSourcesBuildPhase;
			buildActionMask = 2147483647;
			files = (
				63727C6626FC975100582C5B /* InstagridTests.swift in Sources */,
			);
			runOnlyForDeploymentPostprocessing = 0;
		};
		63727C6726FC975100582C5B /* Sources */ = {
			isa = PBXSourcesBuildPhase;
			buildActionMask = 2147483647;
			files = (
				63727C7226FC975100582C5B /* InstagridUITestsLaunchTests.swift in Sources */,
				63727C7026FC975100582C5B /* InstagridUITests.swift in Sources */,
			);
			runOnlyForDeploymentPostprocessing = 0;
		};
/* End PBXSourcesBuildPhase section */

/* Begin PBXTargetDependency section */
		63727C6326FC975100582C5B /* PBXTargetDependency */ = {
			isa = PBXTargetDependency;
			target = 63727C4A26FC975000582C5B /* Instagrid */;
			targetProxy = 63727C6226FC975100582C5B /* PBXContainerItemProxy */;
		};
		63727C6D26FC975100582C5B /* PBXTargetDependency */ = {
			isa = PBXTargetDependency;
			target = 63727C4A26FC975000582C5B /* Instagrid */;
			targetProxy = 63727C6C26FC975100582C5B /* PBXContainerItemProxy */;
		};
/* End PBXTargetDependency section */

/* Begin PBXVariantGroup section */
		63727C5426FC975000582C5B /* Main.storyboard */ = {
			isa = PBXVariantGroup;
			children = (
				63727C5526FC975000582C5B /* Base */,
			);
			name = Main.storyboard;
			sourceTree = "<group>";
		};
		63727C5926FC975100582C5B /* LaunchScreen.storyboard */ = {
			isa = PBXVariantGroup;
			children = (
				63727C5A26FC975100582C5B /* Base */,
			);
			name = LaunchScreen.storyboard;
			sourceTree = "<group>";
		};
/* End PBXVariantGroup section */

/* Begin XCBuildConfiguration section */
		63727C7326FC975100582C5B /* Debug */ = {
			isa = XCBuildConfiguration;
			buildSettings = {
				ALWAYS_SEARCH_USER_PATHS = NO;
				CLANG_ANALYZER_NONNULL = YES;
				CLANG_ANALYZER_NUMBER_OBJECT_CONVERSION = YES_AGGRESSIVE;
				CLANG_CXX_LANGUAGE_STANDARD = "gnu++17";
				CLANG_CXX_LIBRARY = "libc++";
				CLANG_ENABLE_MODULES = YES;
				CLANG_ENABLE_OBJC_ARC = YES;
				CLANG_ENABLE_OBJC_WEAK = YES;
				CLANG_WARN_BLOCK_CAPTURE_AUTORELEASING = YES;
				CLANG_WARN_BOOL_CONVERSION = YES;
				CLANG_WARN_COMMA = YES;
				CLANG_WARN_CONSTANT_CONVERSION = YES;
				CLANG_WARN_DEPRECATED_OBJC_IMPLEMENTATIONS = YES;
				CLANG_WARN_DIRECT_OBJC_ISA_USAGE = YES_ERROR;
				CLANG_WARN_DOCUMENTATION_COMMENTS = YES;
				CLANG_WARN_EMPTY_BODY = YES;
				CLANG_WARN_ENUM_CONVERSION = YES;
				CLANG_WARN_INFINITE_RECURSION = YES;
				CLANG_WARN_INT_CONVERSION = YES;
				CLANG_WARN_NON_LITERAL_NULL_CONVERSION = YES;
				CLANG_WARN_OBJC_IMPLICIT_RETAIN_SELF = YES;
				CLANG_WARN_OBJC_LITERAL_CONVERSION = YES;
				CLANG_WARN_OBJC_ROOT_CLASS = YES_ERROR;
				CLANG_WARN_QUOTED_INCLUDE_IN_FRAMEWORK_HEADER = YES;
				CLANG_WARN_RANGE_LOOP_ANALYSIS = YES;
				CLANG_WARN_STRICT_PROTOTYPES = YES;
				CLANG_WARN_SUSPICIOUS_MOVE = YES;
				CLANG_WARN_UNGUARDED_AVAILABILITY = YES_AGGRESSIVE;
				CLANG_WARN_UNREACHABLE_CODE = YES;
				CLANG_WARN__DUPLICATE_METHOD_MATCH = YES;
				COPY_PHASE_STRIP = NO;
				DEBUG_INFORMATION_FORMAT = dwarf;
				ENABLE_STRICT_OBJC_MSGSEND = YES;
				ENABLE_TESTABILITY = YES;
				GCC_C_LANGUAGE_STANDARD = gnu11;
				GCC_DYNAMIC_NO_PIC = NO;
				GCC_NO_COMMON_BLOCKS = YES;
				GCC_OPTIMIZATION_LEVEL = 0;
				GCC_PREPROCESSOR_DEFINITIONS = (
					"DEBUG=1",
					"$(inherited)",
				);
				GCC_WARN_64_TO_32_BIT_CONVERSION = YES;
				GCC_WARN_ABOUT_RETURN_TYPE = YES_ERROR;
				GCC_WARN_UNDECLARED_SELECTOR = YES;
				GCC_WARN_UNINITIALIZED_AUTOS = YES_AGGRESSIVE;
				GCC_WARN_UNUSED_FUNCTION = YES;
				GCC_WARN_UNUSED_VARIABLE = YES;
				IPHONEOS_DEPLOYMENT_TARGET = 15.0;
				MTL_ENABLE_DEBUG_INFO = INCLUDE_SOURCE;
				MTL_FAST_MATH = YES;
				ONLY_ACTIVE_ARCH = YES;
				SDKROOT = iphoneos;
				SWIFT_ACTIVE_COMPILATION_CONDITIONS = DEBUG;
				SWIFT_OPTIMIZATION_LEVEL = "-Onone";
			};
			name = Debug;
		};
		63727C7426FC975100582C5B /* Release */ = {
			isa = XCBuildConfiguration;
			buildSettings = {
				ALWAYS_SEARCH_USER_PATHS = NO;
				CLANG_ANALYZER_NONNULL = YES;
				CLANG_ANALYZER_NUMBER_OBJECT_CONVERSION = YES_AGGRESSIVE;
				CLANG_CXX_LANGUAGE_STANDARD = "gnu++17";
				CLANG_CXX_LIBRARY = "libc++";
				CLANG_ENABLE_MODULES = YES;
				CLANG_ENABLE_OBJC_ARC = YES;
				CLANG_ENABLE_OBJC_WEAK = YES;
				CLANG_WARN_BLOCK_CAPTURE_AUTORELEASING = YES;
				CLANG_WARN_BOOL_CONVERSION = YES;
				CLANG_WARN_COMMA = YES;
				CLANG_WARN_CONSTANT_CONVERSION = YES;
				CLANG_WARN_DEPRECATED_OBJC_IMPLEMENTATIONS = YES;
				CLANG_WARN_DIRECT_OBJC_ISA_USAGE = YES_ERROR;
				CLANG_WARN_DOCUMENTATION_COMMENTS = YES;
				CLANG_WARN_EMPTY_BODY = YES;
				CLANG_WARN_ENUM_CONVERSION = YES;
				CLANG_WARN_INFINITE_RECURSION = YES;
				CLANG_WARN_INT_CONVERSION = YES;
				CLANG_WARN_NON_LITERAL_NULL_CONVERSION = YES;
				CLANG_WARN_OBJC_IMPLICIT_RETAIN_SELF = YES;
				CLANG_WARN_OBJC_LITERAL_CONVERSION = YES;
				CLANG_WARN_OBJC_ROOT_CLASS = YES_ERROR;
				CLANG_WARN_QUOTED_INCLUDE_IN_FRAMEWORK_HEADER = YES;
				CLANG_WARN_RANGE_LOOP_ANALYSIS = YES;
				CLANG_WARN_STRICT_PROTOTYPES = YES;
				CLANG_WARN_SUSPICIOUS_MOVE = YES;
				CLANG_WARN_UNGUARDED_AVAILABILITY = YES_AGGRESSIVE;
				CLANG_WARN_UNREACHABLE_CODE = YES;
				CLANG_WARN__DUPLICATE_METHOD_MATCH = YES;
				COPY_PHASE_STRIP = NO;
				DEBUG_INFORMATION_FORMAT = "dwarf-with-dsym";
				ENABLE_NS_ASSERTIONS = NO;
				ENABLE_STRICT_OBJC_MSGSEND = YES;
				GCC_C_LANGUAGE_STANDARD = gnu11;
				GCC_NO_COMMON_BLOCKS = YES;
				GCC_WARN_64_TO_32_BIT_CONVERSION = YES;
				GCC_WARN_ABOUT_RETURN_TYPE = YES_ERROR;
				GCC_WARN_UNDECLARED_SELECTOR = YES;
				GCC_WARN_UNINITIALIZED_AUTOS = YES_AGGRESSIVE;
				GCC_WARN_UNUSED_FUNCTION = YES;
				GCC_WARN_UNUSED_VARIABLE = YES;
				IPHONEOS_DEPLOYMENT_TARGET = 15.0;
				MTL_ENABLE_DEBUG_INFO = NO;
				MTL_FAST_MATH = YES;
				SDKROOT = iphoneos;
				SWIFT_COMPILATION_MODE = wholemodule;
				SWIFT_OPTIMIZATION_LEVEL = "-O";
				VALIDATE_PRODUCT = YES;
			};
			name = Release;
		};
		63727C7626FC975100582C5B /* Debug */ = {
			isa = XCBuildConfiguration;
			buildSettings = {
				ASSETCATALOG_COMPILER_APPICON_NAME = AppIcon;
				ASSETCATALOG_COMPILER_GLOBAL_ACCENT_COLOR_NAME = AccentColor;
				CODE_SIGN_STYLE = Automatic;
				CURRENT_PROJECT_VERSION = 1;
				GENERATE_INFOPLIST_FILE = YES;
				INFOPLIST_FILE = Instagrid/Info.plist;
				INFOPLIST_KEY_UIApplicationSupportsIndirectInputEvents = YES;
				INFOPLIST_KEY_UILaunchStoryboardName = LaunchScreen;
				INFOPLIST_KEY_UIMainStoryboardFile = Main;
				INFOPLIST_KEY_UISupportedInterfaceOrientations_iPad = "UIInterfaceOrientationPortrait UIInterfaceOrientationPortraitUpsideDown UIInterfaceOrientationLandscapeLeft UIInterfaceOrientationLandscapeRight";
				INFOPLIST_KEY_UISupportedInterfaceOrientations_iPhone = "UIInterfaceOrientationPortrait UIInterfaceOrientationLandscapeLeft UIInterfaceOrientationLandscapeRight";
				LD_RUNPATH_SEARCH_PATHS = (
					"$(inherited)",
					"@executable_path/Frameworks",
				);
				MARKETING_VERSION = 1.0;
				PRODUCT_BUNDLE_IDENTIFIER = Thibault.Ballof.Instagrid;
				PRODUCT_NAME = "$(TARGET_NAME)";
				SWIFT_EMIT_LOC_STRINGS = YES;
				SWIFT_VERSION = 5.0;
				TARGETED_DEVICE_FAMILY = 1;
			};
			name = Debug;
		};
		63727C7726FC975100582C5B /* Release */ = {
			isa = XCBuildConfiguration;
			buildSettings = {
				ASSETCATALOG_COMPILER_APPICON_NAME = AppIcon;
				ASSETCATALOG_COMPILER_GLOBAL_ACCENT_COLOR_NAME = AccentColor;
				CODE_SIGN_STYLE = Automatic;
				CURRENT_PROJECT_VERSION = 1;
				GENERATE_INFOPLIST_FILE = YES;
				INFOPLIST_FILE = Instagrid/Info.plist;
				INFOPLIST_KEY_UIApplicationSupportsIndirectInputEvents = YES;
				INFOPLIST_KEY_UILaunchStoryboardName = LaunchScreen;
				INFOPLIST_KEY_UIMainStoryboardFile = Main;
				INFOPLIST_KEY_UISupportedInterfaceOrientations_iPad = "UIInterfaceOrientationPortrait UIInterfaceOrientationPortraitUpsideDown UIInterfaceOrientationLandscapeLeft UIInterfaceOrientationLandscapeRight";
				INFOPLIST_KEY_UISupportedInterfaceOrientations_iPhone = "UIInterfaceOrientationPortrait UIInterfaceOrientationLandscapeLeft UIInterfaceOrientationLandscapeRight";
				LD_RUNPATH_SEARCH_PATHS = (
					"$(inherited)",
					"@executable_path/Frameworks",
				);
				MARKETING_VERSION = 1.0;
				PRODUCT_BUNDLE_IDENTIFIER = Thibault.Ballof.Instagrid;
				PRODUCT_NAME = "$(TARGET_NAME)";
				SWIFT_EMIT_LOC_STRINGS = YES;
				SWIFT_VERSION = 5.0;
				TARGETED_DEVICE_FAMILY = 1;
			};
			name = Release;
		};
		63727C7926FC975100582C5B /* Debug */ = {
			isa = XCBuildConfiguration;
			buildSettings = {
				ALWAYS_EMBED_SWIFT_STANDARD_LIBRARIES = YES;
				BUNDLE_LOADER = "$(TEST_HOST)";
				CODE_SIGN_STYLE = Automatic;
				CURRENT_PROJECT_VERSION = 1;
				GENERATE_INFOPLIST_FILE = YES;
				IPHONEOS_DEPLOYMENT_TARGET = 15.0;
				LD_RUNPATH_SEARCH_PATHS = (
					"$(inherited)",
					"@executable_path/Frameworks",
					"@loader_path/Frameworks",
				);
				MARKETING_VERSION = 1.0;
				PRODUCT_BUNDLE_IDENTIFIER = Thibault.Ballof.InstagridTests;
				PRODUCT_NAME = "$(TARGET_NAME)";
				SWIFT_EMIT_LOC_STRINGS = NO;
				SWIFT_VERSION = 5.0;
				TARGETED_DEVICE_FAMILY = "1,2";
				TEST_HOST = "$(BUILT_PRODUCTS_DIR)/Instagrid.app/Instagrid";
			};
			name = Debug;
		};
		63727C7A26FC975100582C5B /* Release */ = {
			isa = XCBuildConfiguration;
			buildSettings = {
				ALWAYS_EMBED_SWIFT_STANDARD_LIBRARIES = YES;
				BUNDLE_LOADER = "$(TEST_HOST)";
				CODE_SIGN_STYLE = Automatic;
				CURRENT_PROJECT_VERSION = 1;
				GENERATE_INFOPLIST_FILE = YES;
				IPHONEOS_DEPLOYMENT_TARGET = 15.0;
				LD_RUNPATH_SEARCH_PATHS = (
					"$(inherited)",
					"@executable_path/Frameworks",
					"@loader_path/Frameworks",
				);
				MARKETING_VERSION = 1.0;
				PRODUCT_BUNDLE_IDENTIFIER = Thibault.Ballof.InstagridTests;
				PRODUCT_NAME = "$(TARGET_NAME)";
				SWIFT_EMIT_LOC_STRINGS = NO;
				SWIFT_VERSION = 5.0;
				TARGETED_DEVICE_FAMILY = "1,2";
				TEST_HOST = "$(BUILT_PRODUCTS_DIR)/Instagrid.app/Instagrid";
			};
			name = Release;
		};
		63727C7C26FC975100582C5B /* Debug */ = {
			isa = XCBuildConfiguration;
			buildSettings = {
				ALWAYS_EMBED_SWIFT_STANDARD_LIBRARIES = YES;
				CODE_SIGN_STYLE = Automatic;
				CURRENT_PROJECT_VERSION = 1;
				GENERATE_INFOPLIST_FILE = YES;
				LD_RUNPATH_SEARCH_PATHS = (
					"$(inherited)",
					"@executable_path/Frameworks",
					"@loader_path/Frameworks",
				);
				MARKETING_VERSION = 1.0;
				PRODUCT_BUNDLE_IDENTIFIER = Thibault.Ballof.InstagridUITests;
				PRODUCT_NAME = "$(TARGET_NAME)";
				SWIFT_EMIT_LOC_STRINGS = NO;
				SWIFT_VERSION = 5.0;
				TARGETED_DEVICE_FAMILY = "1,2";
				TEST_TARGET_NAME = Instagrid;
			};
			name = Debug;
		};
		63727C7D26FC975100582C5B /* Release */ = {
			isa = XCBuildConfiguration;
			buildSettings = {
				ALWAYS_EMBED_SWIFT_STANDARD_LIBRARIES = YES;
				CODE_SIGN_STYLE = Automatic;
				CURRENT_PROJECT_VERSION = 1;
				GENERATE_INFOPLIST_FILE = YES;
				LD_RUNPATH_SEARCH_PATHS = (
					"$(inherited)",
					"@executable_path/Frameworks",
					"@loader_path/Frameworks",
				);
				MARKETING_VERSION = 1.0;
				PRODUCT_BUNDLE_IDENTIFIER = Thibault.Ballof.InstagridUITests;
				PRODUCT_NAME = "$(TARGET_NAME)";
				SWIFT_EMIT_LOC_STRINGS = NO;
				SWIFT_VERSION = 5.0;
				TARGETED_DEVICE_FAMILY = "1,2";
				TEST_TARGET_NAME = Instagrid;
			};
			name = Release;
		};
/* End XCBuildConfiguration section */

/* Begin XCConfigurationList section */
		63727C4626FC975000582C5B /* Build configuration list for PBXProject "Instagrid" */ = {
			isa = XCConfigurationList;
			buildConfigurations = (
				63727C7326FC975100582C5B /* Debug */,
				63727C7426FC975100582C5B /* Release */,
			);
			defaultConfigurationIsVisible = 0;
			defaultConfigurationName = Release;
		};
		63727C7526FC975100582C5B /* Build configuration list for PBXNativeTarget "Instagrid" */ = {
			isa = XCConfigurationList;
			buildConfigurations = (
				63727C7626FC975100582C5B /* Debug */,
				63727C7726FC975100582C5B /* Release */,
			);
			defaultConfigurationIsVisible = 0;
			defaultConfigurationName = Release;
		};
		63727C7826FC975100582C5B /* Build configuration list for PBXNativeTarget "InstagridTests" */ = {
			isa = XCConfigurationList;
			buildConfigurations = (
				63727C7926FC975100582C5B /* Debug */,
				63727C7A26FC975100582C5B /* Release */,
			);
			defaultConfigurationIsVisible = 0;
			defaultConfigurationName = Release;
		};
		63727C7B26FC975100582C5B /* Build configuration list for PBXNativeTarget "InstagridUITests" */ = {
			isa = XCConfigurationList;
			buildConfigurations = (
				63727C7C26FC975100582C5B /* Debug */,
				63727C7D26FC975100582C5B /* Release */,
			);
			defaultConfigurationIsVisible = 0;
			defaultConfigurationName = Release;
		};
/* End XCConfigurationList section */
	};
	rootObject = 63727C4326FC975000582C5B /* Project object */;
}
